
Microsoft Visual Studio Solution File, Format Version 12.00
# Visual Studio Version 17
VisualStudioVersion = 17.7.34031.279
MinimumVisualStudioVersion = 10.0.40219.1
Project("{FAE04EC0-301F-11D3-BF4B-00C04F79EFBC}") = "PayrollGUI", "PayrollGUI\PayrollGUI.csproj", "{890184CF-D481-4A0C-8B5A-435B1A046C26}"
EndProject
Global
	GlobalSection(SolutionConfigurationPlatforms) = preSolution
		Debug|Any CPU = Debug|Any CPU
		Release|Any CPU = Release|Any CPU
	EndGlobalSection
	GlobalSection(ProjectConfigurationPlatforms) = postSolution
		{890184CF-D481-4A0C-8B5A-435B1A046C26}.Debug|Any CPU.ActiveCfg = Debug|Any CPU
		{890184CF-D481-4A0C-8B5A-435B1A046C26}.Debug|Any CPU.Build.0 = Debug|Any CPU
		{890184CF-D481-4A0C-8B5A-435B1A046C26}.Release|Any CPU.ActiveCfg = Release|Any CPU
		{890184CF-D481-4A0C-8B5A-435B1A046C26}.Release|Any CPU.Build.0 = Release|Any CPU
	EndGlobalSection
	GlobalSection(SolutionProperties) = preSolution
		HideSolutionNode = FALSE
	EndGlobalSection
	GlobalSection(ExtensibilityGlobals) = postSolution
		SolutionGuid = {09CB89DF-7806-4A28-9844-0A19941C83D4}
	EndGlobalSection
EndGlobal
